Microsoft Visual Studio Solution File, Format Version 12.00
# Visual Studio Version 17
VisualStudioVersion = 17.5.2.0
MinimumVisualStudioVersion = 10.0.40219.1
Project("{FAE04EC0-301F-11D3-BF4B-00C04F79EFBC}") = "BibliotecaApi", "BibliotecaApi.csproj", "{9F04E9A0-91CB-D2BF-BA57-FBA592C5D391}"
EndProject
Global
    GlobalSection(SolutionConfigurationPlatforms) = preSolution
        Debug|Any CPU = Debug|Any CPU
        Release|Any CPU = Release|Any CPU
    EndGlobalSection
    GlobalSection(ProjectConfigurationPlatforms) = postSolution
        {9F04E9A0-91CB-D2BF-BA57-FBA592C5D391}.Debug|Any CPU.ActiveCfg = Debug|Any CPU
        {9F04E9A0-91CB-D2BF-BA57-FBA592C5D391}.Debug|Any CPU.Build.0 = Debug|Any CPU
        {9F04E9A0-91CB-D2BF-BA57-FBA592C5D391}.Release|Any CPU.ActiveCfg = Release|Any CPU
        {9F04E9A0-91CB-D2BF-BA57-FBA592C5D391}.Release|Any CPU.Build.0 = Release|Any CPU
    EndGlobalSection
    GlobalSection(SolutionProperties) = preSolution
        HideSolutionNode = FALSE
    EndGlobalSection
    GlobalSection(ExtensibilityGlobals) = postSolution
        SolutionGuid = {EE433377-F6C6-4AAD-BFD4-AD8504944467}
    EndGlobalSection
EndGlobal
